// !$*UTF8*$!
{
	archiveVersion = 1;
	classes = {
	};
	objectVersion = 46;
	objects = {

/* Begin PBXBuildFile section */
		CFE8C5621CB7E3FF00E5218B /* AppDelegate.swift in Sources */ = {isa = PBXBuildFile; fileRef = CFE8C5611CB7E3FF00E5218B /* AppDelegate.swift */; };
		CFE8C5641CB7E3FF00E5218B /* ViewController.swift in Sources */ = {isa = PBXBuildFile; fileRef = CFE8C5631CB7E3FF00E5218B /* ViewController.swift */; };
		CFE8C5671CB7E3FF00E5218B /* Main.storyboard in Resources */ = {isa = PBXBuildFile; fileRef = CFE8C5651CB7E3FF00E5218B /* Main.storyboard */; };
		CFE8C5691CB7E3FF00E5218B /* Assets.xcassets in Resources */ = {isa = PBXBuildFile; fileRef = CFE8C5681CB7E3FF00E5218B /* Assets.xcassets */; };
		CFE8C56C1CB7E3FF00E5218B /* LaunchScreen.storyboard in Resources */ = {isa = PBXBuildFile; fileRef = CFE8C56A1CB7E3FF00E5218B /* LaunchScreen.storyboard */; };
		CFE8C5741CB7E42E00E5218B /* NormalOperation.swift in Sources */ = {isa = PBXBuildFile; fileRef = CFE8C5731CB7E42E00E5218B /* NormalOperation.swift */; };
		CFE8C5761CBA555500E5218B /* NestedOperation.swift in Sources */ = {isa = PBXBuildFile; fileRef = CFE8C5751CBA555400E5218B /* NestedOperation.swift */; };
		CFE8C5781CBD2A8200E5218B /* AsyncOperation.swift in Sources */ = {isa = PBXBuildFile; fileRef = CFE8C5771CBD2A8200E5218B /* AsyncOperation.swift */; };
/* End PBXBuildFile section */

/* Begin PBXFileReference section */
		CFE8C55E1CB7E3FF00E5218B /* MultithreadSample.app */ = {isa = PBXFileReference; explicitFileType = wrapper.application; includeInIndex = 0; path = MultithreadSample.app; sourceTree = BUILT_PRODUCTS_DIR; };
		CFE8C5611CB7E3FF00E5218B /* AppDelegate.swift */ = {isa = PBXFileReference; lastKnownFileType = sourcecode.swift; path = AppDelegate.swift; sourceTree = "<group>"; };
		CFE8C5631CB7E3FF00E5218B /* ViewController.swift */ = {isa = PBXFileReference; lastKnownFileType = sourcecode.swift; path = ViewController.swift; sourceTree = "<group>"; };
		CFE8C5661CB7E3FF00E5218B /* Base */ = {isa = PBXFileReference; lastKnownFileType = file.storyboard; name = Base; path = Base.lproj/Main.storyboard; sourceTree = "<group>"; };
		CFE8C5681CB7E3FF00E5218B /* Assets.xcassets */ = {isa = PBXFileReference; lastKnownFileType = folder.assetcatalog; path = Assets.xcassets; sourceTree = "<group>"; };
		CFE8C56B1CB7E3FF00E5218B /* Base */ = {isa = PBXFileReference; lastKnownFileType = file.storyboard; name = Base; path = Base.lproj/LaunchScreen.storyboard; sourceTree = "<group>"; };
		CFE8C56D1CB7E3FF00E5218B /* Info.plist */ = {isa = PBXFileReference; lastKnownFileType = text.plist.xml; path = Info.plist; sourceTree = "<group>"; };
		CFE8C5731CB7E42E00E5218B /* NormalOperation.swift */ = {isa = PBXFileReference; fileEncoding = 4; lastKnownFileType = sourcecode.swift; path = NormalOperation.swift; sourceTree = "<group>"; };
		CFE8C5751CBA555400E5218B /* NestedOperation.swift */ = {isa = PBXFileReference; fileEncoding = 4; lastKnownFileType = sourcecode.swift; path = NestedOperation.swift; sourceTree = "<group>"; };
		CFE8C5771CBD2A8200E5218B /* AsyncOperation.swift */ = {isa = PBXFileReference; fileEncoding = 4; lastKnownFileType = sourcecode.swift; path = AsyncOperation.swift; sourceTree = "<group>"; };
/* End PBXFileReference section */

/* Begin PBXFrameworksBuildPhase section */
		CFE8C55B1CB7E3FF00E5218B /* Frameworks */ = {
			isa = PBXFrameworksBuildPhase;
			buildActionMask = 2147483647;
			files = (
			);
			runOnlyForDeploymentPostprocessing = 0;
		};
/* End PBXFrameworksBuildPhase section */

/* Begin PBXGroup section */
		CFE8C5551CB7E3FF00E5218B = {
			isa = PBXGroup;
			children = (
				CFE8C5601CB7E3FF00E5218B /* MultithreadSample */,
				CFE8C55F1CB7E3FF00E5218B /* Products */,
			);
			sourceTree = "<group>";
		};
		CFE8C55F1CB7E3FF00E5218B /* Products */ = {
			isa = PBXGroup;
			children = (
				CFE8C55E1CB7E3FF00E5218B /* MultithreadSample.app */,
			);
			name = Products;
			sourceTree = "<group>";
		};
		CFE8C5601CB7E3FF00E5218B /* MultithreadSample */ = {
			isa = PBXGroup;
			children = (
				CFE8C5611CB7E3FF00E5218B /* AppDelegate.swift */,
				CFE8C5631CB7E3FF00E5218B /* ViewController.swift */,
				CFE8C5771CBD2A8200E5218B /* AsyncOperation.swift */,
				CFE8C5751CBA555400E5218B /* NestedOperation.swift */,
				CFE8C5731CB7E42E00E5218B /* NormalOperation.swift */,
				CFE8C5651CB7E3FF00E5218B /* Main.storyboard */,
				CFE8C5681CB7E3FF00E5218B /* Assets.xcassets */,
				CFE8C56A1CB7E3FF00E5218B /* LaunchScreen.storyboard */,
				CFE8C56D1CB7E3FF00E5218B /* Info.plist */,
			);
			path = MultithreadSample;
			sourceTree = "<group>";
		};
/* End PBXGroup section */

/* Begin PBXNativeTarget section */
		CFE8C55D1CB7E3FF00E5218B /* MultithreadSample */ = {
			isa = PBXNativeTarget;
			buildConfigurationList = CFE8C5701CB7E3FF00E5218B /* Build configuration list for PBXNativeTarget "MultithreadSample" */;
			buildPhases = (
				CFE8C55A1CB7E3FF00E5218B /* Sources */,
				CFE8C55B1CB7E3FF00E5218B /* Frameworks */,
				CFE8C55C1CB7E3FF00E5218B /* Resources */,
			);
			buildRules = (
			);
			dependencies = (
			);
			name = MultithreadSample;
			productName = MultithreadSample;
			productReference = CFE8C55E1CB7E3FF00E5218B /* MultithreadSample.app */;
			productType = "com.apple.product-type.application";
		};
/* End PBXNativeTarget section */

/* Begin PBXProject section */
		CFE8C5561CB7E3FF00E5218B /* Project object */ = {
			isa = PBXProject;
			attributes = {
				LastSwiftUpdateCheck = 0730;
				LastUpgradeCheck = 0730;
				ORGANIZATIONNAME = Kimisira;
				TargetAttributes = {
					CFE8C55D1CB7E3FF00E5218B = {
						CreatedOnToolsVersion = 7.3;
					};
				};
			};
			buildConfigurationList = CFE8C5591CB7E3FF00E5218B /* Build configuration list for PBXProject "MultithreadSample" */;
			compatibilityVersion = "Xcode 3.2";
			developmentRegion = English;
			hasScannedForEncodings = 0;
			knownRegions = (
				en,
				Base,
			);
			mainGroup = CFE8C5551CB7E3FF00E5218B;
			productRefGroup = CFE8C55F1CB7E3FF00E5218B /* Products */;
			projectDirPath = "";
			projectRoot = "";
			targets = (
				CFE8C55D1CB7E3FF00E5218B /* MultithreadSample */,
			);
		};
/* End PBXProject section */

/* Begin PBXResourcesBuildPhase section */
		CFE8C55C1CB7E3FF00E5218B /* Resources */ = {
			isa = PBXResourcesBuildPhase;
			buildActionMask = 2147483647;
			files = (
				CFE8C56C1CB7E3FF00E5218B /* LaunchScreen.storyboard in Resources */,
				CFE8C5691CB7E3FF00E5218B /* Assets.xcassets in Resources */,
				CFE8C5671CB7E3FF00E5218B /* Main.storyboard in Resources */,
			);
			runOnlyForDeploymentPostprocessing = 0;
		};
/* End PBXResourcesBuildPhase section */

/* Begin PBXSourcesBuildPhase section */
		CFE8C55A1CB7E3FF00E5218B /* Sources */ = {
			isa = PBXSourcesBuildPhase;
			buildActionMask = 2147483647;
			files = (
				CFE8C5761CBA555500E5218B /* NestedOperation.swift in Sources */,
				CFE8C5641CB7E3FF00E5218B /* ViewController.swift in Sources */,
				CFE8C5621CB7E3FF00E5218B /* AppDelegate.swift in Sources */,
				CFE8C5781CBD2A8200E5218B /* AsyncOperation.swift in Sources */,
				CFE8C5741CB7E42E00E5218B /* NormalOperation.swift in Sources */,
			);
			runOnlyForDeploymentPostprocessing = 0;
		};
/* End PBXSourcesBuildPhase section */

/* Begin PBXVariantGroup section */
		CFE8C5651CB7E3FF00E5218B /* Main.storyboard */ = {
			isa = PBXVariantGroup;
			children = (
				CFE8C5661CB7E3FF00E5218B /* Base */,
			);
			name = Main.storyboard;
			sourceTree = "<group>";
		};
		CFE8C56A1CB7E3FF00E5218B /* LaunchScreen.storyboard */ = {
			isa = PBXVariantGroup;
			children = (
				CFE8C56B1CB7E3FF00E5218B /* Base */,
			);
			name = LaunchScreen.storyboard;
			sourceTree = "<group>";
		};
/* End PBXVariantGroup section */

/* Begin XCBuildConfiguration section */
		CFE8C56E1CB7E3FF00E5218B /* Debug */ = {
			isa = XCBuildConfiguration;
			buildSettings = {
				ALWAYS_SEARCH_USER_PATHS = NO;
				CLANG_ANALYZER_NONNULL = YES;
				CLANG_CXX_LANGUAGE_STANDARD = "gnu++0x";
				CLANG_CXX_LIBRARY = "libc++";
				CLANG_ENABLE_MODULES = YES;
				CLANG_ENABLE_OBJC_ARC = YES;
				CLANG_WARN_BOOL_CONVERSION = YES;
				CLANG_WARN_CONSTANT_CONVERSION = YES;
				CLANG_WARN_DIRECT_OBJC_ISA_USAGE = YES_ERROR;
				CLANG_WARN_EMPTY_BODY = YES;
				CLANG_WARN_ENUM_CONVERSION = YES;
				CLANG_WARN_INT_CONVERSION = YES;
				CLANG_WARN_OBJC_ROOT_CLASS = YES_ERROR;
				CLANG_WARN_UNREACHABLE_CODE = YES;
				CLANG_WARN__DUPLICATE_METHOD_MATCH = YES;
				"CODE_SIGN_IDENTITY[sdk=iphoneos*]" = "iPhone Developer";
				COPY_PHASE_STRIP = NO;
				DEBUG_INFORMATION_FORMAT = dwarf;
				ENABLE_STRICT_OBJC_MSGSEND = YES;
				ENABLE_TESTABILITY = YES;
				GCC_C_LANGUAGE_STANDARD = gnu99;
				GCC_DYNAMIC_NO_PIC = NO;
				GCC_NO_COMMON_BLOCKS = YES;
				GCC_OPTIMIZATION_LEVEL = 0;
				GCC_PREPROCESSOR_DEFINITIONS = (
					"DEBUG=1",
					"$(inherited)",
				);
				GCC_WARN_64_TO_32_BIT_CONVERSION = YES;
				GCC_WARN_ABOUT_RETURN_TYPE = YES_ERROR;
				GCC_WARN_UNDECLARED_SELECTOR = YES;
				GCC_WARN_UNINITIALIZED_AUTOS = YES_AGGRESSIVE;
				GCC_WARN_UNUSED_FUNCTION = YES;
				GCC_WARN_UNUSED_VARIABLE = YES;
				IPHONEOS_DEPLOYMENT_TARGET = 9.3;
				MTL_ENABLE_DEBUG_INFO = YES;
				ONLY_ACTIVE_ARCH = YES;
				SDKROOT = iphoneos;
				SWIFT_OPTIMIZATION_LEVEL = "-Onone";
			};
			name = Debug;
		};
		CFE8C56F1CB7E3FF00E5218B /* Release */ = {
			isa = XCBuildConfiguration;
			buildSettings = {
				ALWAYS_SEARCH_USER_PATHS = NO;
				CLANG_ANALYZER_NONNULL = YES;
				CLANG_CXX_LANGUAGE_STANDARD = "gnu++0x";
				CLANG_CXX_LIBRARY = "libc++";
				CLANG_ENABLE_MODULES = YES;
				CLANG_ENABLE_OBJC_ARC = YES;
				CLANG_WARN_BOOL_CONVERSION = YES;
				CLANG_WARN_CONSTANT_CONVERSION = YES;
				CLANG_WARN_DIRECT_OBJC_ISA_USAGE = YES_ERROR;
				CLANG_WARN_EMPTY_BODY = YES;
				CLANG_WARN_ENUM_CONVERSION = YES;
				CLANG_WARN_INT_CONVERSION = YES;
				CLANG_WARN_OBJC_ROOT_CLASS = YES_ERROR;
				CLANG_WARN_UNREACHABLE_CODE = YES;
				CLANG_WARN__DUPLICATE_METHOD_MATCH = YES;
				"CODE_SIGN_IDENTITY[sdk=iphoneos*]" = "iPhone Developer";
				COPY_PHASE_STRIP = NO;
				DEBUG_INFORMATION_FORMAT = "dwarf-with-dsym";
				ENABLE_NS_ASSERTIONS = NO;
				ENABLE_STRICT_OBJC_MSGSEND = YES;
				GCC_C_LANGUAGE_STANDARD = gnu99;
				GCC_NO_COMMON_BLOCKS = YES;
				GCC_WARN_64_TO_32_BIT_CONVERSION = YES;
				GCC_WARN_ABOUT_RETURN_TYPE = YES_ERROR;
				GCC_WARN_UNDECLARED_SELECTOR = YES;
				GCC_WARN_UNINITIALIZED_AUTOS = YES_AGGRESSIVE;
				GCC_WARN_UNUSED_FUNCTION = YES;
				GCC_WARN_UNUSED_VARIABLE = YES;
				IPHONEOS_DEPLOYMENT_TARGET = 9.3;
				MTL_ENABLE_DEBUG_INFO = NO;
				SDKROOT = iphoneos;
				VALIDATE_PRODUCT = YES;
			};
			name = Release;
		};
		CFE8C5711CB7E3FF00E5218B /* Debug */ = {
			isa = XCBuildConfiguration;
			buildSettings = {
				ASSETCATALOG_COMPILER_APPICON_NAME = AppIcon;
				INFOPLIST_FILE = MultithreadSample/Info.plist;
				LD_RUNPATH_SEARCH_PATHS = "$(inherited) @executable_path/Frameworks";
				PRODUCT_BUNDLE_IDENTIFIER = Kimisira.MultithreadSample;
				PRODUCT_NAME = "$(TARGET_NAME)";
			};
			name = Debug;
		};
		CFE8C5721CB7E3FF00E5218B /* Release */ = {
			isa = XCBuildConfiguration;
			buildSettings = {
				ASSETCATALOG_COMPILER_APPICON_NAME = AppIcon;
				INFOPLIST_FILE = MultithreadSample/Info.plist;
				LD_RUNPATH_SEARCH_PATHS = "$(inherited) @executable_path/Frameworks";
				PRODUCT_BUNDLE_IDENTIFIER = Kimisira.MultithreadSample;
				PRODUCT_NAME = "$(TARGET_NAME)";
			};
			name = Release;
		};
/* End XCBuildConfiguration section */

/* Begin XCConfigurationList section */
		CFE8C5591CB7E3FF00E5218B /* Build configuration list for PBXProject "MultithreadSample" */ = {
			isa = XCConfigurationList;
			buildConfigurations = (
				CFE8C56E1CB7E3FF00E5218B /* Debug */,
				CFE8C56F1CB7E3FF00E5218B /* Release */,
			);
			defaultConfigurationIsVisible = 0;
			defaultConfigurationName = Release;
		};
		CFE8C5701CB7E3FF00E5218B /* Build configuration list for PBXNativeTarget "MultithreadSample" */ = {
			isa = XCConfigurationList;
			buildConfigurations = (
				CFE8C5711CB7E3FF00E5218B /* Debug */,
				CFE8C5721CB7E3FF00E5218B /* Release */,
			);
			defaultConfigurationIsVisible = 0;
			defaultConfigurationName = Release;
		};
/* End XCConfigurationList section */
	};
	rootObject = CFE8C5561CB7E3FF00E5218B /* Project object */;
}
